
Microsoft Visual Studio Solution File, Format Version 12.00
# Visual Studio Version 17
VisualStudioVersion = 17.5.33530.505
MinimumVisualStudioVersion = 10.0.40219.1
Project("{FAE04EC0-301F-11D3-BF4B-00C04F79EFBC}") = "Exercicio classe funcionario", "Exercicio classe funcionario\Exercicio classe funcionario.csproj", "{7211FC0F-1757-4B86-B68F-B0DC26BEB13A}"
EndProject
Global
	GlobalSection(SolutionConfigurationPlatforms) = preSolution
		Debug|Any CPU = Debug|Any CPU
		Release|Any CPU = Release|Any CPU
	EndGlobalSection
	GlobalSection(ProjectConfigurationPlatforms) = postSolution
		{7211FC0F-1757-4B86-B68F-B0DC26BEB13A}.Debug|Any CPU.ActiveCfg = Debug|Any CPU
		{7211FC0F-1757-4B86-B68F-B0DC26BEB13A}.Debug|Any CPU.Build.0 = Debug|Any CPU
		{7211FC0F-1757-4B86-B68F-B0DC26BEB13A}.Release|Any CPU.ActiveCfg = Release|Any CPU
		{7211FC0F-1757-4B86-B68F-B0DC26BEB13A}.Release|Any CPU.Build.0 = Release|Any CPU
	EndGlobalSection
	GlobalSection(SolutionProperties) = preSolution
		HideSolutionNode = FALSE
	EndGlobalSection
	GlobalSection(ExtensibilityGlobals) = postSolution
		SolutionGuid = {D35FF818-6D5D-4182-BAD9-CB36CFB7CFDF}
	EndGlobalSection
EndGlobal
